
Microsoft Visual Studio Solution File, Format Version 12.00
# Visual Studio Version 17
VisualStudioVersion = 17.9.34701.34
MinimumVisualStudioVersion = 10.0.40219.1
Project("{FAE04EC0-301F-11D3-BF4B-00C04F79EFBC}") = "Project231", "Project231\Project231.csproj", "{2691C209-094F-4CF2-8E0C-B1B1E638942E}"
EndProject
Global
	GlobalSection(SolutionConfigurationPlatforms) = preSolution
		Debug|Any CPU = Debug|Any CPU
		Release|Any CPU = Release|Any CPU
	EndGlobalSection
	GlobalSection(ProjectConfigurationPlatforms) = postSolution
		{2691C209-094F-4CF2-8E0C-B1B1E638942E}.Debug|Any CPU.ActiveCfg = Debug|Any CPU
		{2691C209-094F-4CF2-8E0C-B1B1E638942E}.Debug|Any CPU.Build.0 = Debug|Any CPU
		{2691C209-094F-4CF2-8E0C-B1B1E638942E}.Release|Any CPU.ActiveCfg = Release|Any CPU
		{2691C209-094F-4CF2-8E0C-B1B1E638942E}.Release|Any CPU.Build.0 = Release|Any CPU
	EndGlobalSection
	GlobalSection(SolutionProperties) = preSolution
		HideSolutionNode = FALSE
	EndGlobalSection
	GlobalSection(ExtensibilityGlobals) = postSolution
		SolutionGuid = {6E110B60-B60E-472D-AB26-77720EDB6536}
	EndGlobalSection
EndGlobal
